// !$*UTF8*$!
{
	archiveVersion = 1;
	classes = {
	};
	objectVersion = 56;
	objects = {

/* Begin PBXBuildFile section */
		970C651E29077A3F0006C9EA /* SubjectViewController.swift in Sources */ = {isa = PBXBuildFile; fileRef = 970C651D29077A3F0006C9EA /* SubjectViewController.swift */; };
		970C6520290788AA0006C9EA /* SubjectViewModel.swift in Sources */ = {isa = PBXBuildFile; fileRef = 970C651F290788AA0006C9EA /* SubjectViewModel.swift */; };
		976F0F7D2906DCE00057BF54 /* SimpleTableViewExampleController.swift in Sources */ = {isa = PBXBuildFile; fileRef = 976F0F7C2906DCE00057BF54 /* SimpleTableViewExampleController.swift */; };
		976F0F7F2906DCEA0057BF54 /* SimpleTableView.swift in Sources */ = {isa = PBXBuildFile; fileRef = 976F0F7E2906DCEA0057BF54 /* SimpleTableView.swift */; };
		9783B147290622BF00620D92 /* RxCocoa in Frameworks */ = {isa = PBXBuildFile; productRef = 9783B146290622BF00620D92 /* RxCocoa */; };
		9783B149290622BF00620D92 /* RxSwift in Frameworks */ = {isa = PBXBuildFile; productRef = 9783B148290622BF00620D92 /* RxSwift */; };
		9783B14B290625D300620D92 /* RXCocoaExampleViewController.swift in Sources */ = {isa = PBXBuildFile; fileRef = 9783B14A290625D300620D92 /* RXCocoaExampleViewController.swift */; };
		9783B16D2906856300620D92 /* SimplePickerViewController.swift in Sources */ = {isa = PBXBuildFile; fileRef = 9783B16C2906856300620D92 /* SimplePickerViewController.swift */; };
		9783B1702906873A00620D92 /* SimpletPickerView.swift in Sources */ = {isa = PBXBuildFile; fileRef = 9783B16F2906873A00620D92 /* SimpletPickerView.swift */; };
		9783B1732906AB2600620D92 /* NumbersViewController.swift in Sources */ = {isa = PBXBuildFile; fileRef = 9783B1722906AB2600620D92 /* NumbersViewController.swift */; };
		9783B1752906AB6C00620D92 /* NumbersView.swift in Sources */ = {isa = PBXBuildFile; fileRef = 9783B1742906AB6C00620D92 /* NumbersView.swift */; };
		9783B1782906B5B700620D92 /* SimpleValidationViewController.swift in Sources */ = {isa = PBXBuildFile; fileRef = 9783B1772906B5B700620D92 /* SimpleValidationViewController.swift */; };
		9783B17A2906B5D200620D92 /* SimpleValidationView.swift in Sources */ = {isa = PBXBuildFile; fileRef = 9783B1792906B5D200620D92 /* SimpleValidationView.swift */; };
		979E70CE2908CBBE00613F1B /* SubscribeViewController.swift in Sources */ = {isa = PBXBuildFile; fileRef = 979E70CD2908CBBE00613F1B /* SubscribeViewController.swift */; };
		979E70D7290A07B000613F1B /* ValidationViewController.swift in Sources */ = {isa = PBXBuildFile; fileRef = 979E70D6290A07B000613F1B /* ValidationViewController.swift */; };
		979E70D9290A22C400613F1B /* ValidationViewModel.swift in Sources */ = {isa = PBXBuildFile; fileRef = 979E70D8290A22C400613F1B /* ValidationViewModel.swift */; };
		97AF2889290586360020C054 /* RandomPhoto.swift in Sources */ = {isa = PBXBuildFile; fileRef = 97AF2888290586360020C054 /* RandomPhoto.swift */; };
		97AF288B290586440020C054 /* RandomPhotoViewModel.swift in Sources */ = {isa = PBXBuildFile; fileRef = 97AF288A290586440020C054 /* RandomPhotoViewModel.swift */; };
		97AF288D2905864D0020C054 /* RandomPhotoViewController.swift in Sources */ = {isa = PBXBuildFile; fileRef = 97AF288C2905864D0020C054 /* RandomPhotoViewController.swift */; };
		97AF288F2905865E0020C054 /* RandomPhotoView.swift in Sources */ = {isa = PBXBuildFile; fileRef = 97AF288E2905865E0020C054 /* RandomPhotoView.swift */; };
		97AF2892290589900020C054 /* SnapKit in Frameworks */ = {isa = PBXBuildFile; productRef = 97AF2891290589900020C054 /* SnapKit */; };
		97BF592D2900CF860019681C /* CObservable.swift in Sources */ = {isa = PBXBuildFile; fileRef = 97BF592C2900CF860019681C /* CObservable.swift */; };
		97BF592F2900D1390019681C /* NewsViewController.swift in Sources */ = {isa = PBXBuildFile; fileRef = 97BF592E2900D1390019681C /* NewsViewController.swift */; };
		97BF59312900D2500019681C /* NewsViewModel.swift in Sources */ = {isa = PBXBuildFile; fileRef = 97BF59302900D2500019681C /* NewsViewModel.swift */; };
		97BF59332900D77F0019681C /* News.swift in Sources */ = {isa = PBXBuildFile; fileRef = 97BF59322900D77F0019681C /* News.swift */; };
		97BF59352900ED670019681C /* DiffableViewModel.swift in Sources */ = {isa = PBXBuildFile; fileRef = 97BF59342900ED670019681C /* DiffableViewModel.swift */; };
		97BF59372900EDED0019681C /* APIService.swift in Sources */ = {isa = PBXBuildFile; fileRef = 97BF59362900EDED0019681C /* APIService.swift */; };
		97BF59392900EE440019681C /* APIKey.swift in Sources */ = {isa = PBXBuildFile; fileRef = 97BF59382900EE440019681C /* APIKey.swift */; };
		97BF593B2900EF850019681C /* SearchPhoto.swift in Sources */ = {isa = PBXBuildFile; fileRef = 97BF593A2900EF850019681C /* SearchPhoto.swift */; };
		97BF59412900F10C0019681C /* Kingfisher in Frameworks */ = {isa = PBXBuildFile; productRef = 97BF59402900F10C0019681C /* Kingfisher */; };
		97CD325328FE2E7A0087A07E /* AppDelegate.swift in Sources */ = {isa = PBXBuildFile; fileRef = 97CD325228FE2E7A0087A07E /* AppDelegate.swift */; };
		97CD325528FE2E7A0087A07E /* SceneDelegate.swift in Sources */ = {isa = PBXBuildFile; fileRef = 97CD325428FE2E7A0087A07E /* SceneDelegate.swift */; };
		97CD325728FE2E7A0087A07E /* SimpleTableViewController.swift in Sources */ = {isa = PBXBuildFile; fileRef = 97CD325628FE2E7A0087A07E /* SimpleTableViewController.swift */; };
		97CD325A28FE2E7A0087A07E /* Main.storyboard in Resources */ = {isa = PBXBuildFile; fileRef = 97CD325828FE2E7A0087A07E /* Main.storyboard */; };
		97CD325C28FE2E7B0087A07E /* Assets.xcassets in Resources */ = {isa = PBXBuildFile; fileRef = 97CD325B28FE2E7B0087A07E /* Assets.xcassets */; };
		97CD325F28FE2E7B0087A07E /* LaunchScreen.storyboard in Resources */ = {isa = PBXBuildFile; fileRef = 97CD325D28FE2E7B0087A07E /* LaunchScreen.storyboard */; };
		97CD326728FE39090087A07E /* SimpleCollectionViewController.swift in Sources */ = {isa = PBXBuildFile; fileRef = 97CD326628FE39090087A07E /* SimpleCollectionViewController.swift */; };
		97CD327528FF90800087A07E /* DiffableCollectionViewController.swift in Sources */ = {isa = PBXBuildFile; fileRef = 97CD327428FF90800087A07E /* DiffableCollectionViewController.swift */; };
		97E8E57D290F769F002614F3 /* RxAlamofire in Frameworks */ = {isa = PBXBuildFile; productRef = 97E8E57C290F769F002614F3 /* RxAlamofire */; };
		97E8E580290F774F002614F3 /* Differentiator in Frameworks */ = {isa = PBXBuildFile; productRef = 97E8E57F290F774F002614F3 /* Differentiator */; };
		97E8E582290F774F002614F3 /* RxDataSources in Frameworks */ = {isa = PBXBuildFile; productRef = 97E8E581290F774F002614F3 /* RxDataSources */; };
/* End PBXBuildFile section */

/* Begin PBXFileReference section */
		970C651D29077A3F0006C9EA /* SubjectViewController.swift */ = {isa = PBXFileReference; lastKnownFileType = sourcecode.swift; path = SubjectViewController.swift; sourceTree = "<group>"; };
		970C651F290788AA0006C9EA /* SubjectViewModel.swift */ = {isa = PBXFileReference; lastKnownFileType = sourcecode.swift; path = SubjectViewModel.swift; sourceTree = "<group>"; };
		976F0F7C2906DCE00057BF54 /* SimpleTableViewExampleController.swift */ = {isa = PBXFileReference; lastKnownFileType = sourcecode.swift; path = SimpleTableViewExampleController.swift; sourceTree = "<group>"; };
		976F0F7E2906DCEA0057BF54 /* SimpleTableView.swift */ = {isa = PBXFileReference; lastKnownFileType = sourcecode.swift; path = SimpleTableView.swift; sourceTree = "<group>"; };
		9783B14A290625D300620D92 /* RXCocoaExampleViewController.swift */ = {isa = PBXFileReference; lastKnownFileType = sourcecode.swift; path = RXCocoaExampleViewController.swift; sourceTree = "<group>"; };
		9783B16C2906856300620D92 /* SimplePickerViewController.swift */ = {isa = PBXFileReference; lastKnownFileType = sourcecode.swift; path = SimplePickerViewController.swift; sourceTree = "<group>"; };
		9783B16F2906873A00620D92 /* SimpletPickerView.swift */ = {isa = PBXFileReference; lastKnownFileType = sourcecode.swift; path = SimpletPickerView.swift; sourceTree = "<group>"; };
		9783B1722906AB2600620D92 /* NumbersViewController.swift */ = {isa = PBXFileReference; lastKnownFileType = sourcecode.swift; path = NumbersViewController.swift; sourceTree = "<group>"; };
		9783B1742906AB6C00620D92 /* NumbersView.swift */ = {isa = PBXFileReference; lastKnownFileType = sourcecode.swift; path = NumbersView.swift; sourceTree = "<group>"; };
		9783B1772906B5B700620D92 /* SimpleValidationViewController.swift */ = {isa = PBXFileReference; lastKnownFileType = sourcecode.swift; path = SimpleValidationViewController.swift; sourceTree = "<group>"; };
		9783B1792906B5D200620D92 /* SimpleValidationView.swift */ = {isa = PBXFileReference; lastKnownFileType = sourcecode.swift; path = SimpleValidationView.swift; sourceTree = "<group>"; };
		979E70CD2908CBBE00613F1B /* SubscribeViewController.swift */ = {isa = PBXFileReference; lastKnownFileType = sourcecode.swift; path = SubscribeViewController.swift; sourceTree = "<group>"; wrapsLines = 0; };
		979E70D6290A07B000613F1B /* ValidationViewController.swift */ = {isa = PBXFileReference; lastKnownFileType = sourcecode.swift; path = ValidationViewController.swift; sourceTree = "<group>"; };
		979E70D8290A22C400613F1B /* ValidationViewModel.swift */ = {isa = PBXFileReference; lastKnownFileType = sourcecode.swift; path = ValidationViewModel.swift; sourceTree = "<group>"; };
		97AF2888290586360020C054 /* RandomPhoto.swift */ = {isa = PBXFileReference; lastKnownFileType = sourcecode.swift; path = RandomPhoto.swift; sourceTree = "<group>"; };
		97AF288A290586440020C054 /* RandomPhotoViewModel.swift */ = {isa = PBXFileReference; lastKnownFileType = sourcecode.swift; path = RandomPhotoViewModel.swift; sourceTree = "<group>"; };
		97AF288C2905864D0020C054 /* RandomPhotoViewController.swift */ = {isa = PBXFileReference; lastKnownFileType = sourcecode.swift; path = RandomPhotoViewController.swift; sourceTree = "<group>"; };
		97AF288E2905865E0020C054 /* RandomPhotoView.swift */ = {isa = PBXFileReference; lastKnownFileType = sourcecode.swift; path = RandomPhotoView.swift; sourceTree = "<group>"; };
		97BF592C2900CF860019681C /* CObservable.swift */ = {isa = PBXFileReference; lastKnownFileType = sourcecode.swift; path = CObservable.swift; sourceTree = "<group>"; };
		97BF592E2900D1390019681C /* NewsViewController.swift */ = {isa = PBXFileReference; lastKnownFileType = sourcecode.swift; path = NewsViewController.swift; sourceTree = "<group>"; };
		97BF59302900D2500019681C /* NewsViewModel.swift */ = {isa = PBXFileReference; lastKnownFileType = sourcecode.swift; path = NewsViewModel.swift; sourceTree = "<group>"; };
		97BF59322900D77F0019681C /* News.swift */ = {isa = PBXFileReference; lastKnownFileType = sourcecode.swift; path = News.swift; sourceTree = "<group>"; };
		97BF59342900ED670019681C /* DiffableViewModel.swift */ = {isa = PBXFileReference; lastKnownFileType = sourcecode.swift; path = DiffableViewModel.swift; sourceTree = "<group>"; };
		97BF59362900EDED0019681C /* APIService.swift */ = {isa = PBXFileReference; lastKnownFileType = sourcecode.swift; path = APIService.swift; sourceTree = "<group>"; };
		97BF59382900EE440019681C /* APIKey.swift */ = {isa = PBXFileReference; lastKnownFileType = sourcecode.swift; path = APIKey.swift; sourceTree = "<group>"; };
		97BF593A2900EF850019681C /* SearchPhoto.swift */ = {isa = PBXFileReference; lastKnownFileType = sourcecode.swift; path = SearchPhoto.swift; sourceTree = "<group>"; };
		97CD324F28FE2E7A0087A07E /* SesacWeek1617.app */ = {isa = PBXFileReference; explicitFileType = wrapper.application; includeInIndex = 0; path = SesacWeek1617.app; sourceTree = BUILT_PRODUCTS_DIR; };
		97CD325228FE2E7A0087A07E /* AppDelegate.swift */ = {isa = PBXFileReference; lastKnownFileType = sourcecode.swift; path = AppDelegate.swift; sourceTree = "<group>"; };
		97CD325428FE2E7A0087A07E /* SceneDelegate.swift */ = {isa = PBXFileReference; lastKnownFileType = sourcecode.swift; path = SceneDelegate.swift; sourceTree = "<group>"; };
		97CD325628FE2E7A0087A07E /* SimpleTableViewController.swift */ = {isa = PBXFileReference; lastKnownFileType = sourcecode.swift; path = SimpleTableViewController.swift; sourceTree = "<group>"; };
		97CD325928FE2E7A0087A07E /* Base */ = {isa = PBXFileReference; lastKnownFileType = file.storyboard; name = Base; path = Base.lproj/Main.storyboard; sourceTree = "<group>"; };
		97CD325B28FE2E7B0087A07E /* Assets.xcassets */ = {isa = PBXFileReference; lastKnownFileType = folder.assetcatalog; path = Assets.xcassets; sourceTree = "<group>"; };
		97CD325E28FE2E7B0087A07E /* Base */ = {isa = PBXFileReference; lastKnownFileType = file.storyboard; name = Base; path = Base.lproj/LaunchScreen.storyboard; sourceTree = "<group>"; };
		97CD326028FE2E7B0087A07E /* Info.plist */ = {isa = PBXFileReference; lastKnownFileType = text.plist.xml; path = Info.plist; sourceTree = "<group>"; };
		97CD326628FE39090087A07E /* SimpleCollectionViewController.swift */ = {isa = PBXFileReference; lastKnownFileType = sourcecode.swift; path = SimpleCollectionViewController.swift; sourceTree = "<group>"; };
		97CD327428FF90800087A07E /* DiffableCollectionViewController.swift */ = {isa = PBXFileReference; lastKnownFileType = sourcecode.swift; path = DiffableCollectionViewController.swift; sourceTree = "<group>"; };
/* End PBXFileReference section */

/* Begin PBXFrameworksBuildPhase section */
		97CD324C28FE2E7A0087A07E /* Frameworks */ = {
			isa = PBXFrameworksBuildPhase;
			buildActionMask = 2147483647;
			files = (
				97AF2892290589900020C054 /* SnapKit in Frameworks */,
				97BF59412900F10C0019681C /* Kingfisher in Frameworks */,
				9783B149290622BF00620D92 /* RxSwift in Frameworks */,
				97E8E57D290F769F002614F3 /* RxAlamofire in Frameworks */,
				97E8E582290F774F002614F3 /* RxDataSources in Frameworks */,
				97E8E580290F774F002614F3 /* Differentiator in Frameworks */,
				9783B147290622BF00620D92 /* RxCocoa in Frameworks */,
			);
			runOnlyForDeploymentPostprocessing = 0;
		};
/* End PBXFrameworksBuildPhase section */

/* Begin PBXGroup section */
		9783B16E2906856700620D92 /* SimplePickerViewController */ = {
			isa = PBXGroup;
			children = (
				9783B16C2906856300620D92 /* SimplePickerViewController.swift */,
				9783B16F2906873A00620D92 /* SimpletPickerView.swift */,
			);
			path = SimplePickerViewController;
			sourceTree = "<group>";
		};
		9783B1712906AAD300620D92 /* NumbersViewController */ = {
			isa = PBXGroup;
			children = (
				9783B1722906AB2600620D92 /* NumbersViewController.swift */,
				9783B1742906AB6C00620D92 /* NumbersView.swift */,
			);
			path = NumbersViewController;
			sourceTree = "<group>";
		};
		9783B1762906B59400620D92 /* SimpleValidationViewController */ = {
			isa = PBXGroup;
			children = (
				9783B1772906B5B700620D92 /* SimpleValidationViewController.swift */,
				9783B1792906B5D200620D92 /* SimpleValidationView.swift */,
			);
			path = SimpleValidationViewController;
			sourceTree = "<group>";
		};
		9783B17B2906DC3100620D92 /* SimpleTableViewExampleViewController */ = {
			isa = PBXGroup;
			children = (
				976F0F7C2906DCE00057BF54 /* SimpleTableViewExampleController.swift */,
				976F0F7E2906DCEA0057BF54 /* SimpleTableView.swift */,
			);
			path = SimpleTableViewExampleViewController;
			sourceTree = "<group>";
		};
		97AF28862905856E0020C054 /* Unsplash */ = {
			isa = PBXGroup;
			children = (
				97AF2887290585840020C054 /* RandomPhoto */,
			);
			path = Unsplash;
			sourceTree = "<group>";
		};
		97AF2887290585840020C054 /* RandomPhoto */ = {
			isa = PBXGroup;
			children = (
				97AF2888290586360020C054 /* RandomPhoto.swift */,
				97AF288A290586440020C054 /* RandomPhotoViewModel.swift */,
				97AF288C2905864D0020C054 /* RandomPhotoViewController.swift */,
				97AF288E2905865E0020C054 /* RandomPhotoView.swift */,
			);
			path = RandomPhoto;
			sourceTree = "<group>";
		};
		97BF592B2900CD7E0019681C /* MVVMSample */ = {
			isa = PBXGroup;
			children = (
				97BF592C2900CF860019681C /* CObservable.swift */,
				97BF592E2900D1390019681C /* NewsViewController.swift */,
				97BF59302900D2500019681C /* NewsViewModel.swift */,
				97BF59322900D77F0019681C /* News.swift */,
			);
			path = MVVMSample;
			sourceTree = "<group>";
		};
		97CD324628FE2E7A0087A07E = {
			isa = PBXGroup;
			children = (
				97CD325128FE2E7A0087A07E /* SesacWeek1617 */,
				97CD325028FE2E7A0087A07E /* Products */,
			);
			sourceTree = "<group>";
		};
		97CD325028FE2E7A0087A07E /* Products */ = {
			isa = PBXGroup;
			children = (
				97CD324F28FE2E7A0087A07E /* SesacWeek1617.app */,
			);
			name = Products;
			sourceTree = "<group>";
		};
		97CD325128FE2E7A0087A07E /* SesacWeek1617 */ = {
			isa = PBXGroup;
			children = (
				97AF28862905856E0020C054 /* Unsplash */,
				97BF592B2900CD7E0019681C /* MVVMSample */,
				97CD325228FE2E7A0087A07E /* AppDelegate.swift */,
				97CD325428FE2E7A0087A07E /* SceneDelegate.swift */,
				97CD325628FE2E7A0087A07E /* SimpleTableViewController.swift */,
				97CD326628FE39090087A07E /* SimpleCollectionViewController.swift */,
				97CD325828FE2E7A0087A07E /* Main.storyboard */,
				97CD325B28FE2E7B0087A07E /* Assets.xcassets */,
				97CD325D28FE2E7B0087A07E /* LaunchScreen.storyboard */,
				97CD326028FE2E7B0087A07E /* Info.plist */,
				97CD327428FF90800087A07E /* DiffableCollectionViewController.swift */,
				97BF59342900ED670019681C /* DiffableViewModel.swift */,
				97BF59362900EDED0019681C /* APIService.swift */,
				97BF59382900EE440019681C /* APIKey.swift */,
				97BF593A2900EF850019681C /* SearchPhoto.swift */,
				9783B14A290625D300620D92 /* RXCocoaExampleViewController.swift */,
				970C651D29077A3F0006C9EA /* SubjectViewController.swift */,
				970C651F290788AA0006C9EA /* SubjectViewModel.swift */,
				9783B17B2906DC3100620D92 /* SimpleTableViewExampleViewController */,
				9783B1762906B59400620D92 /* SimpleValidationViewController */,
				9783B1712906AAD300620D92 /* NumbersViewController */,
				9783B16E2906856700620D92 /* SimplePickerViewController */,
				979E70CD2908CBBE00613F1B /* SubscribeViewController.swift */,
				979E70D6290A07B000613F1B /* ValidationViewController.swift */,
				979E70D8290A22C400613F1B /* ValidationViewModel.swift */,
			);
			path = SesacWeek1617;
			sourceTree = "<group>";
		};
/* End PBXGroup section */

/* Begin PBXNativeTarget section */
		97CD324E28FE2E7A0087A07E /* SesacWeek1617 */ = {
			isa = PBXNativeTarget;
			buildConfigurationList = 97CD326328FE2E7B0087A07E /* Build configuration list for PBXNativeTarget "SesacWeek1617" */;
			buildPhases = (
				97CD324B28FE2E7A0087A07E /* Sources */,
				97CD324C28FE2E7A0087A07E /* Frameworks */,
				97CD324D28FE2E7A0087A07E /* Resources */,
			);
			buildRules = (
			);
			dependencies = (
			);
			name = SesacWeek1617;
			packageProductDependencies = (
				97BF59402900F10C0019681C /* Kingfisher */,
				97AF2891290589900020C054 /* SnapKit */,
				9783B146290622BF00620D92 /* RxCocoa */,
				9783B148290622BF00620D92 /* RxSwift */,
				97E8E57C290F769F002614F3 /* RxAlamofire */,
				97E8E57F290F774F002614F3 /* Differentiator */,
				97E8E581290F774F002614F3 /* RxDataSources */,
			);
			productName = SesacWeek1617;
			productReference = 97CD324F28FE2E7A0087A07E /* SesacWeek1617.app */;
			productType = "com.apple.product-type.application";
		};
/* End PBXNativeTarget section */

/* Begin PBXProject section */
		97CD324728FE2E7A0087A07E /* Project object */ = {
			isa = PBXProject;
			attributes = {
				BuildIndependentTargetsInParallel = 1;
				LastSwiftUpdateCheck = 1400;
				LastUpgradeCheck = 1400;
				TargetAttributes = {
					97CD324E28FE2E7A0087A07E = {
						CreatedOnToolsVersion = 14.0.1;
					};
				};
			};
			buildConfigurationList = 97CD324A28FE2E7A0087A07E /* Build configuration list for PBXProject "SesacWeek1617" */;
			compatibilityVersion = "Xcode 14.0";
			developmentRegion = en;
			hasScannedForEncodings = 0;
			knownRegions = (
				en,
				Base,
			);
			mainGroup = 97CD324628FE2E7A0087A07E;
			packageReferences = (
				97BF593F2900F10C0019681C /* XCRemoteSwiftPackageReference "Kingfisher" */,
				97AF2890290589900020C054 /* XCRemoteSwiftPackageReference "SnapKit" */,
				9783B145290622BF00620D92 /* XCRemoteSwiftPackageReference "RxSwift" */,
				97E8E57B290F769F002614F3 /* XCRemoteSwiftPackageReference "RxAlamofire" */,
				97E8E57E290F774F002614F3 /* XCRemoteSwiftPackageReference "RxDataSources" */,
			);
			productRefGroup = 97CD325028FE2E7A0087A07E /* Products */;
			projectDirPath = "";
			projectRoot = "";
			targets = (
				97CD324E28FE2E7A0087A07E /* SesacWeek1617 */,
			);
		};
/* End PBXProject section */

/* Begin PBXResourcesBuildPhase section */
		97CD324D28FE2E7A0087A07E /* Resources */ = {
			isa = PBXResourcesBuildPhase;
			buildActionMask = 2147483647;
			files = (
				97CD325F28FE2E7B0087A07E /* LaunchScreen.storyboard in Resources */,
				97CD325C28FE2E7B0087A07E /* Assets.xcassets in Resources */,
				97CD325A28FE2E7A0087A07E /* Main.storyboard in Resources */,
			);
			runOnlyForDeploymentPostprocessing = 0;
		};
/* End PBXResourcesBuildPhase section */

/* Begin PBXSourcesBuildPhase section */
		97CD324B28FE2E7A0087A07E /* Sources */ = {
			isa = PBXSourcesBuildPhase;
			buildActionMask = 2147483647;
			files = (
				97BF592D2900CF860019681C /* CObservable.swift in Sources */,
				9783B1752906AB6C00620D92 /* NumbersView.swift in Sources */,
				97CD327528FF90800087A07E /* DiffableCollectionViewController.swift in Sources */,
				97CD326728FE39090087A07E /* SimpleCollectionViewController.swift in Sources */,
				97BF59332900D77F0019681C /* News.swift in Sources */,
				97AF288D2905864D0020C054 /* RandomPhotoViewController.swift in Sources */,
				9783B16D2906856300620D92 /* SimplePickerViewController.swift in Sources */,
				97BF59372900EDED0019681C /* APIService.swift in Sources */,
				97CD325728FE2E7A0087A07E /* SimpleTableViewController.swift in Sources */,
				97AF288F2905865E0020C054 /* RandomPhotoView.swift in Sources */,
				97BF592F2900D1390019681C /* NewsViewController.swift in Sources */,
				97CD325328FE2E7A0087A07E /* AppDelegate.swift in Sources */,
				97BF593B2900EF850019681C /* SearchPhoto.swift in Sources */,
				976F0F7F2906DCEA0057BF54 /* SimpleTableView.swift in Sources */,
				97CD325528FE2E7A0087A07E /* SceneDelegate.swift in Sources */,
				979E70CE2908CBBE00613F1B /* SubscribeViewController.swift in Sources */,
				97AF288B290586440020C054 /* RandomPhotoViewModel.swift in Sources */,
				97BF59312900D2500019681C /* NewsViewModel.swift in Sources */,
				97AF2889290586360020C054 /* RandomPhoto.swift in Sources */,
				979E70D7290A07B000613F1B /* ValidationViewController.swift in Sources */,
				97BF59392900EE440019681C /* APIKey.swift in Sources */,
				970C651E29077A3F0006C9EA /* SubjectViewController.swift in Sources */,
				9783B1702906873A00620D92 /* SimpletPickerView.swift in Sources */,
				970C6520290788AA0006C9EA /* SubjectViewModel.swift in Sources */,
				9783B1732906AB2600620D92 /* NumbersViewController.swift in Sources */,
				97BF59352900ED670019681C /* DiffableViewModel.swift in Sources */,
				979E70D9290A22C400613F1B /* ValidationViewModel.swift in Sources */,
				9783B17A2906B5D200620D92 /* SimpleValidationView.swift in Sources */,
				976F0F7D2906DCE00057BF54 /* SimpleTableViewExampleController.swift in Sources */,
				9783B1782906B5B700620D92 /* SimpleValidationViewController.swift in Sources */,
				9783B14B290625D300620D92 /* RXCocoaExampleViewController.swift in Sources */,
			);
			runOnlyForDeploymentPostprocessing = 0;
		};
/* End PBXSourcesBuildPhase section */

/* Begin PBXVariantGroup section */
		97CD325828FE2E7A0087A07E /* Main.storyboard */ = {
			isa = PBXVariantGroup;
			children = (
				97CD325928FE2E7A0087A07E /* Base */,
			);
			name = Main.storyboard;
			sourceTree = "<group>";
		};
		97CD325D28FE2E7B0087A07E /* LaunchScreen.storyboard */ = {
			isa = PBXVariantGroup;
			children = (
				97CD325E28FE2E7B0087A07E /* Base */,
			);
			name = LaunchScreen.storyboard;
			sourceTree = "<group>";
		};
/* End PBXVariantGroup section */

/* Begin XCBuildConfiguration section */
		97CD326128FE2E7B0087A07E /* Debug */ = {
			isa = XCBuildConfiguration;
			buildSettings = {
				ALWAYS_SEARCH_USER_PATHS = NO;
				CLANG_ANALYZER_NONNULL = YES;
				CLANG_ANALYZER_NUMBER_OBJECT_CONVERSION = YES_AGGRESSIVE;
				CLANG_CXX_LANGUAGE_STANDARD = "gnu++20";
				CLANG_ENABLE_MODULES = YES;
				CLANG_ENABLE_OBJC_ARC = YES;
				CLANG_ENABLE_OBJC_WEAK = YES;
				CLANG_WARN_BLOCK_CAPTURE_AUTORELEASING = YES;
				CLANG_WARN_BOOL_CONVERSION = YES;
				CLANG_WARN_COMMA = YES;
				CLANG_WARN_CONSTANT_CONVERSION = YES;
				CLANG_WARN_DEPRECATED_OBJC_IMPLEMENTATIONS = YES;
				CLANG_WARN_DIRECT_OBJC_ISA_USAGE = YES_ERROR;
				CLANG_WARN_DOCUMENTATION_COMMENTS = YES;
				CLANG_WARN_EMPTY_BODY = YES;
				CLANG_WARN_ENUM_CONVERSION = YES;
				CLANG_WARN_INFINITE_RECURSION = YES;
				CLANG_WARN_INT_CONVERSION = YES;
				CLANG_WARN_NON_LITERAL_NULL_CONVERSION = YES;
				CLANG_WARN_OBJC_IMPLICIT_RETAIN_SELF = YES;
				CLANG_WARN_OBJC_LITERAL_CONVERSION = YES;
				CLANG_WARN_OBJC_ROOT_CLASS = YES_ERROR;
				CLANG_WARN_QUOTED_INCLUDE_IN_FRAMEWORK_HEADER = YES;
				CLANG_WARN_RANGE_LOOP_ANALYSIS = YES;
				CLANG_WARN_STRICT_PROTOTYPES = YES;
				CLANG_WARN_SUSPICIOUS_MOVE = YES;
				CLANG_WARN_UNGUARDED_AVAILABILITY = YES_AGGRESSIVE;
				CLANG_WARN_UNREACHABLE_CODE = YES;
				CLANG_WARN__DUPLICATE_METHOD_MATCH = YES;
				COPY_PHASE_STRIP = NO;
				DEBUG_INFORMATION_FORMAT = dwarf;
				ENABLE_STRICT_OBJC_MSGSEND = YES;
				ENABLE_TESTABILITY = YES;
				GCC_C_LANGUAGE_STANDARD = gnu11;
				GCC_DYNAMIC_NO_PIC = NO;
				GCC_NO_COMMON_BLOCKS = YES;
				GCC_OPTIMIZATION_LEVEL = 0;
				GCC_PREPROCESSOR_DEFINITIONS = (
					"DEBUG=1",
					"$(inherited)",
				);
				GCC_WARN_64_TO_32_BIT_CONVERSION = YES;
				GCC_WARN_ABOUT_RETURN_TYPE = YES_ERROR;
				GCC_WARN_UNDECLARED_SELECTOR = YES;
				GCC_WARN_UNINITIALIZED_AUTOS = YES_AGGRESSIVE;
				GCC_WARN_UNUSED_FUNCTION = YES;
				GCC_WARN_UNUSED_VARIABLE = YES;
				IPHONEOS_DEPLOYMENT_TARGET = 16.0;
				MTL_ENABLE_DEBUG_INFO = INCLUDE_SOURCE;
				MTL_FAST_MATH = YES;
				ONLY_ACTIVE_ARCH = YES;
				SDKROOT = iphoneos;
				SWIFT_ACTIVE_COMPILATION_CONDITIONS = DEBUG;
				SWIFT_OPTIMIZATION_LEVEL = "-Onone";
			};
			name = Debug;
		};
		97CD326228FE2E7B0087A07E /* Release */ = {
			isa = XCBuildConfiguration;
			buildSettings = {
				ALWAYS_SEARCH_USER_PATHS = NO;
				CLANG_ANALYZER_NONNULL = YES;
				CLANG_ANALYZER_NUMBER_OBJECT_CONVERSION = YES_AGGRESSIVE;
				CLANG_CXX_LANGUAGE_STANDARD = "gnu++20";
				CLANG_ENABLE_MODULES = YES;
				CLANG_ENABLE_OBJC_ARC = YES;
				CLANG_ENABLE_OBJC_WEAK = YES;
				CLANG_WARN_BLOCK_CAPTURE_AUTORELEASING = YES;
				CLANG_WARN_BOOL_CONVERSION = YES;
				CLANG_WARN_COMMA = YES;
				CLANG_WARN_CONSTANT_CONVERSION = YES;
				CLANG_WARN_DEPRECATED_OBJC_IMPLEMENTATIONS = YES;
				CLANG_WARN_DIRECT_OBJC_ISA_USAGE = YES_ERROR;
				CLANG_WARN_DOCUMENTATION_COMMENTS = YES;
				CLANG_WARN_EMPTY_BODY = YES;
				CLANG_WARN_ENUM_CONVERSION = YES;
				CLANG_WARN_INFINITE_RECURSION = YES;
				CLANG_WARN_INT_CONVERSION = YES;
				CLANG_WARN_NON_LITERAL_NULL_CONVERSION = YES;
				CLANG_WARN_OBJC_IMPLICIT_RETAIN_SELF = YES;
				CLANG_WARN_OBJC_LITERAL_CONVERSION = YES;
				CLANG_WARN_OBJC_ROOT_CLASS = YES_ERROR;
				CLANG_WARN_QUOTED_INCLUDE_IN_FRAMEWORK_HEADER = YES;
				CLANG_WARN_RANGE_LOOP_ANALYSIS = YES;
				CLANG_WARN_STRICT_PROTOTYPES = YES;
				CLANG_WARN_SUSPICIOUS_MOVE = YES;
				CLANG_WARN_UNGUARDED_AVAILABILITY = YES_AGGRESSIVE;
				CLANG_WARN_UNREACHABLE_CODE = YES;
				CLANG_WARN__DUPLICATE_METHOD_MATCH = YES;
				COPY_PHASE_STRIP = NO;
				DEBUG_INFORMATION_FORMAT = "dwarf-with-dsym";
				ENABLE_NS_ASSERTIONS = NO;
				ENABLE_STRICT_OBJC_MSGSEND = YES;
				GCC_C_LANGUAGE_STANDARD = gnu11;
				GCC_NO_COMMON_BLOCKS = YES;
				GCC_WARN_64_TO_32_BIT_CONVERSION = YES;
				GCC_WARN_ABOUT_RETURN_TYPE = YES_ERROR;
				GCC_WARN_UNDECLARED_SELECTOR = YES;
				GCC_WARN_UNINITIALIZED_AUTOS = YES_AGGRESSIVE;
				GCC_WARN_UNUSED_FUNCTION = YES;
				GCC_WARN_UNUSED_VARIABLE = YES;
				IPHONEOS_DEPLOYMENT_TARGET = 16.0;
				MTL_ENABLE_DEBUG_INFO = NO;
				MTL_FAST_MATH = YES;
				SDKROOT = iphoneos;
				SWIFT_COMPILATION_MODE = wholemodule;
				SWIFT_OPTIMIZATION_LEVEL = "-O";
				VALIDATE_PRODUCT = YES;
			};
			name = Release;
		};
		97CD326428FE2E7B0087A07E /* Debug */ = {
			isa = XCBuildConfiguration;
			buildSettings = {
				ASSETCATALOG_COMPILER_APPICON_NAME = AppIcon;
				ASSETCATALOG_COMPILER_GLOBAL_ACCENT_COLOR_NAME = AccentColor;
				CODE_SIGN_STYLE = Automatic;
				CURRENT_PROJECT_VERSION = 1;
				DEVELOPMENT_TEAM = 3C6U386B4C;
				GENERATE_INFOPLIST_FILE = YES;
				INFOPLIST_FILE = SesacWeek1617/Info.plist;
				INFOPLIST_KEY_UIApplicationSupportsIndirectInputEvents = YES;
				INFOPLIST_KEY_UILaunchStoryboardName = LaunchScreen;
				INFOPLIST_KEY_UIMainStoryboardFile = Main;
				INFOPLIST_KEY_UISupportedInterfaceOrientations_iPad = "UIInterfaceOrientationPortrait UIInterfaceOrientationPortraitUpsideDown UIInterfaceOrientationLandscapeLeft UIInterfaceOrientationLandscapeRight";
				INFOPLIST_KEY_UISupportedInterfaceOrientations_iPhone = "UIInterfaceOrientationPortrait UIInterfaceOrientationLandscapeLeft UIInterfaceOrientationLandscapeRight";
				LD_RUNPATH_SEARCH_PATHS = (
					"$(inherited)",
					"@executable_path/Frameworks",
				);
				MARKETING_VERSION = 1.0;
				PRODUCT_BUNDLE_IDENTIFIER = com.hee.SesacWeek1617;
				PRODUCT_NAME = "$(TARGET_NAME)";
				SWIFT_EMIT_LOC_STRINGS = YES;
				SWIFT_VERSION = 5.0;
				TARGETED_DEVICE_FAMILY = "1,2";
			};
			name = Debug;
		};
		97CD326528FE2E7B0087A07E /* Release */ = {
			isa = XCBuildConfiguration;
			buildSettings = {
				ASSETCATALOG_COMPILER_APPICON_NAME = AppIcon;
				ASSETCATALOG_COMPILER_GLOBAL_ACCENT_COLOR_NAME = AccentColor;
				CODE_SIGN_STYLE = Automatic;
				CURRENT_PROJECT_VERSION = 1;
				DEVELOPMENT_TEAM = 3C6U386B4C;
				GENERATE_INFOPLIST_FILE = YES;
				INFOPLIST_FILE = SesacWeek1617/Info.plist;
				INFOPLIST_KEY_UIApplicationSupportsIndirectInputEvents = YES;
				INFOPLIST_KEY_UILaunchStoryboardName = LaunchScreen;
				INFOPLIST_KEY_UIMainStoryboardFile = Main;
				INFOPLIST_KEY_UISupportedInterfaceOrientations_iPad = "UIInterfaceOrientationPortrait UIInterfaceOrientationPortraitUpsideDown UIInterfaceOrientationLandscapeLeft UIInterfaceOrientationLandscapeRight";
				INFOPLIST_KEY_UISupportedInterfaceOrientations_iPhone = "UIInterfaceOrientationPortrait UIInterfaceOrientationLandscapeLeft UIInterfaceOrientationLandscapeRight";
				LD_RUNPATH_SEARCH_PATHS = (
					"$(inherited)",
					"@executable_path/Frameworks",
				);
				MARKETING_VERSION = 1.0;
				PRODUCT_BUNDLE_IDENTIFIER = com.hee.SesacWeek1617;
				PRODUCT_NAME = "$(TARGET_NAME)";
				SWIFT_EMIT_LOC_STRINGS = YES;
				SWIFT_VERSION = 5.0;
				TARGETED_DEVICE_FAMILY = "1,2";
			};
			name = Release;
		};
/* End XCBuildConfiguration section */

/* Begin XCConfigurationList section */
		97CD324A28FE2E7A0087A07E /* Build configuration list for PBXProject "SesacWeek1617" */ = {
			isa = XCConfigurationList;
			buildConfigurations = (
				97CD326128FE2E7B0087A07E /* Debug */,
				97CD326228FE2E7B0087A07E /* Release */,
			);
			defaultConfigurationIsVisible = 0;
			defaultConfigurationName = Release;
		};
		97CD326328FE2E7B0087A07E /* Build configuration list for PBXNativeTarget "SesacWeek1617" */ = {
			isa = XCConfigurationList;
			buildConfigurations = (
				97CD326428FE2E7B0087A07E /* Debug */,
				97CD326528FE2E7B0087A07E /* Release */,
			);
			defaultConfigurationIsVisible = 0;
			defaultConfigurationName = Release;
		};
/* End XCConfigurationList section */

/* Begin XCRemoteSwiftPackageReference section */
		9783B145290622BF00620D92 /* XCRemoteSwiftPackageReference "RxSwift" */ = {
			isa = XCRemoteSwiftPackageReference;
			repositoryURL = "https://github.com/ReactiveX/RxSwift.git";
			requirement = {
				kind = upToNextMajorVersion;
				minimumVersion = 6.0.0;
			};
		};
		97AF2890290589900020C054 /* XCRemoteSwiftPackageReference "SnapKit" */ = {
			isa = XCRemoteSwiftPackageReference;
			repositoryURL = "https://github.com/SnapKit/SnapKit.git";
			requirement = {
				kind = upToNextMajorVersion;
				minimumVersion = 5.0.0;
			};
		};
		97BF593F2900F10C0019681C /* XCRemoteSwiftPackageReference "Kingfisher" */ = {
			isa = XCRemoteSwiftPackageReference;
			repositoryURL = "https://github.com/onevcat/Kingfisher.git";
			requirement = {
				kind = upToNextMajorVersion;
				minimumVersion = 7.0.0;
			};
		};
		97E8E57B290F769F002614F3 /* XCRemoteSwiftPackageReference "RxAlamofire" */ = {
			isa = XCRemoteSwiftPackageReference;
			repositoryURL = "https://github.com/RxSwiftCommunity/RxAlamofire.git";
			requirement = {
				kind = exactVersion;
				version = 6.1.2;
			};
		};
		97E8E57E290F774F002614F3 /* XCRemoteSwiftPackageReference "RxDataSources" */ = {
			isa = XCRemoteSwiftPackageReference;
			repositoryURL = "https://github.com/RxSwiftCommunity/RxDataSources.git";
			requirement = {
				kind = upToNextMajorVersion;
				minimumVersion = 5.0.0;
			};
		};
/* End XCRemoteSwiftPackageReference section */

/* Begin XCSwiftPackageProductDependency section */
		9783B146290622BF00620D92 /* RxCocoa */ = {
			isa = XCSwiftPackageProductDependency;
			package = 9783B145290622BF00620D92 /* XCRemoteSwiftPackageReference "RxSwift" */;
			productName = RxCocoa;
		};
		9783B148290622BF00620D92 /* RxSwift */ = {
			isa = XCSwiftPackageProductDependency;
			package = 9783B145290622BF00620D92 /* XCRemoteSwiftPackageReference "RxSwift" */;
			productName = RxSwift;
		};
		97AF2891290589900020C054 /* SnapKit */ = {
			isa = XCSwiftPackageProductDependency;
			package = 97AF2890290589900020C054 /* XCRemoteSwiftPackageReference "SnapKit" */;
			productName = SnapKit;
		};
		97BF59402900F10C0019681C /* Kingfisher */ = {
			isa = XCSwiftPackageProductDependency;
			package = 97BF593F2900F10C0019681C /* XCRemoteSwiftPackageReference "Kingfisher" */;
			productName = Kingfisher;
		};
		97E8E57C290F769F002614F3 /* RxAlamofire */ = {
			isa = XCSwiftPackageProductDependency;
			package = 97E8E57B290F769F002614F3 /* XCRemoteSwiftPackageReference "RxAlamofire" */;
			productName = RxAlamofire;
		};
		97E8E57F290F774F002614F3 /* Differentiator */ = {
			isa = XCSwiftPackageProductDependency;
			package = 97E8E57E290F774F002614F3 /* XCRemoteSwiftPackageReference "RxDataSources" */;
			productName = Differentiator;
		};
		97E8E581290F774F002614F3 /* RxDataSources */ = {
			isa = XCSwiftPackageProductDependency;
			package = 97E8E57E290F774F002614F3 /* XCRemoteSwiftPackageReference "RxDataSources" */;
			productName = RxDataSources;
		};
/* End XCSwiftPackageProductDependency section */
	};
	rootObject = 97CD324728FE2E7A0087A07E /* Project object */;
}
